// !$*UTF8*$!
{
	archiveVersion = 1;
	classes = {
	};
	objectVersion = 55;
	objects = {

/* Begin PBXBuildFile section */
		A4D889F227DE49950002F0FE /* BSTGDApp.swift in Sources */ = {isa = PBXBuildFile; fileRef = A4D889F127DE49950002F0FE /* BSTGDApp.swift */; };
		A4D889F627DE49960002F0FE /* Assets.xcassets in Resources */ = {isa = PBXBuildFile; fileRef = A4D889F527DE49960002F0FE /* Assets.xcassets */; };
		A4D889F927DE49960002F0FE /* Preview Assets.xcassets in Resources */ = {isa = PBXBuildFile; fileRef = A4D889F827DE49960002F0FE /* Preview Assets.xcassets */; };
		A4D88A0127DE49E30002F0FE /* MainItemView.swift in Sources */ = {isa = PBXBuildFile; fileRef = A4D88A0027DE49E30002F0FE /* MainItemView.swift */; };
		A4D88A0527DE4A4F0002F0FE /* MainView.swift in Sources */ = {isa = PBXBuildFile; fileRef = A4D88A0427DE4A4F0002F0FE /* MainView.swift */; };
		A4D88A0827DE57EC0002F0FE /* MainObservableObject.swift in Sources */ = {isa = PBXBuildFile; fileRef = A4D88A0727DE57EC0002F0FE /* MainObservableObject.swift */; };
		A4D88A0B27DE581A0002F0FE /* MainBean.swift in Sources */ = {isa = PBXBuildFile; fileRef = A4D88A0A27DE581A0002F0FE /* MainBean.swift */; };
/* End PBXBuildFile section */

/* Begin PBXFileReference section */
		A4D889EE27DE49950002F0FE /* BabySortingToyGameDemo2.app */ = {isa = PBXFileReference; explicitFileType = wrapper.application; includeInIndex = 0; path = BabySortingToyGameDemo2.app; sourceTree = BUILT_PRODUCTS_DIR; };
		A4D889F127DE49950002F0FE /* BSTGDApp.swift */ = {isa = PBXFileReference; lastKnownFileType = sourcecode.swift; path = BSTGDApp.swift; sourceTree = "<group>"; };
		A4D889F527DE49960002F0FE /* Assets.xcassets */ = {isa = PBXFileReference; lastKnownFileType = folder.assetcatalog; path = Assets.xcassets; sourceTree = "<group>"; };
		A4D889F827DE49960002F0FE /* Preview Assets.xcassets */ = {isa = PBXFileReference; lastKnownFileType = folder.assetcatalog; path = "Preview Assets.xcassets"; sourceTree = "<group>"; };
		A4D88A0027DE49E30002F0FE /* MainItemView.swift */ = {isa = PBXFileReference; lastKnownFileType = sourcecode.swift; path = MainItemView.swift; sourceTree = "<group>"; };
		A4D88A0427DE4A4F0002F0FE /* MainView.swift */ = {isa = PBXFileReference; lastKnownFileType = sourcecode.swift; path = MainView.swift; sourceTree = "<group>"; };
		A4D88A0727DE57EC0002F0FE /* MainObservableObject.swift */ = {isa = PBXFileReference; lastKnownFileType = sourcecode.swift; path = MainObservableObject.swift; sourceTree = "<group>"; };
		A4D88A0A27DE581A0002F0FE /* MainBean.swift */ = {isa = PBXFileReference; lastKnownFileType = sourcecode.swift; path = MainBean.swift; sourceTree = "<group>"; };
/* End PBXFileReference section */

/* Begin PBXFrameworksBuildPhase section */
		A4D889EB27DE49950002F0FE /* Frameworks */ = {
			isa = PBXFrameworksBuildPhase;
			buildActionMask = 2147483647;
			files = (
			);
			runOnlyForDeploymentPostprocessing = 0;
		};
/* End PBXFrameworksBuildPhase section */

/* Begin PBXGroup section */
		A4D889E527DE49950002F0FE = {
			isa = PBXGroup;
			children = (
				A4D889F027DE49950002F0FE /* BabySortingToyGameDemo2 */,
				A4D889EF27DE49950002F0FE /* Products */,
			);
			sourceTree = "<group>";
		};
		A4D889EF27DE49950002F0FE /* Products */ = {
			isa = PBXGroup;
			children = (
				A4D889EE27DE49950002F0FE /* BabySortingToyGameDemo2.app */,
			);
			name = Products;
			sourceTree = "<group>";
		};
		A4D889F027DE49950002F0FE /* BabySortingToyGameDemo2 */ = {
			isa = PBXGroup;
			children = (
				A4D88A0927DE57FD0002F0FE /* Model */,
				A4D88A0627DE57CF0002F0FE /* ViewModel */,
				A4D889FF27DE49C90002F0FE /* View */,
				A4D889F127DE49950002F0FE /* BSTGDApp.swift */,
				A4D889F527DE49960002F0FE /* Assets.xcassets */,
				A4D889F727DE49960002F0FE /* Preview Content */,
			);
			path = BabySortingToyGameDemo2;
			sourceTree = "<group>";
		};
		A4D889F727DE49960002F0FE /* Preview Content */ = {
			isa = PBXGroup;
			children = (
				A4D889F827DE49960002F0FE /* Preview Assets.xcassets */,
			);
			path = "Preview Content";
			sourceTree = "<group>";
		};
		A4D889FF27DE49C90002F0FE /* View */ = {
			isa = PBXGroup;
			children = (
				A4D88A0027DE49E30002F0FE /* MainItemView.swift */,
				A4D88A0427DE4A4F0002F0FE /* MainView.swift */,
			);
			path = View;
			sourceTree = "<group>";
		};
		A4D88A0627DE57CF0002F0FE /* ViewModel */ = {
			isa = PBXGroup;
			children = (
				A4D88A0727DE57EC0002F0FE /* MainObservableObject.swift */,
			);
			path = ViewModel;
			sourceTree = "<group>";
		};
		A4D88A0927DE57FD0002F0FE /* Model */ = {
			isa = PBXGroup;
			children = (
				A4D88A0A27DE581A0002F0FE /* MainBean.swift */,
			);
			path = Model;
			sourceTree = "<group>";
		};
/* End PBXGroup section */

/* Begin PBXNativeTarget section */
		A4D889ED27DE49950002F0FE /* BabySortingToyGameDemo2 */ = {
			isa = PBXNativeTarget;
			buildConfigurationList = A4D889FC27DE49960002F0FE /* Build configuration list for PBXNativeTarget "BabySortingToyGameDemo2" */;
			buildPhases = (
				A4D889EA27DE49950002F0FE /* Sources */,
				A4D889EB27DE49950002F0FE /* Frameworks */,
				A4D889EC27DE49950002F0FE /* Resources */,
			);
			buildRules = (
			);
			dependencies = (
			);
			name = BabySortingToyGameDemo2;
			productName = BabySortingToyGameDemo2;
			productReference = A4D889EE27DE49950002F0FE /* BabySortingToyGameDemo2.app */;
			productType = "com.apple.product-type.application";
		};
/* End PBXNativeTarget section */

/* Begin PBXProject section */
		A4D889E627DE49950002F0FE /* Project object */ = {
			isa = PBXProject;
			attributes = {
				BuildIndependentTargetsInParallel = 1;
				LastSwiftUpdateCheck = 1310;
				LastUpgradeCheck = 1310;
				TargetAttributes = {
					A4D889ED27DE49950002F0FE = {
						CreatedOnToolsVersion = 13.1;
					};
				};
			};
			buildConfigurationList = A4D889E927DE49950002F0FE /* Build configuration list for PBXProject "BabySortingToyGameDemo2" */;
			compatibilityVersion = "Xcode 13.0";
			developmentRegion = en;
			hasScannedForEncodings = 0;
			knownRegions = (
				en,
				Base,
			);
			mainGroup = A4D889E527DE49950002F0FE;
			productRefGroup = A4D889EF27DE49950002F0FE /* Products */;
			projectDirPath = "";
			projectRoot = "";
			targets = (
				A4D889ED27DE49950002F0FE /* BabySortingToyGameDemo2 */,
			);
		};
/* End PBXProject section */

/* Begin PBXResourcesBuildPhase section */
		A4D889EC27DE49950002F0FE /* Resources */ = {
			isa = PBXResourcesBuildPhase;
			buildActionMask = 2147483647;
			files = (
				A4D889F927DE49960002F0FE /* Preview Assets.xcassets in Resources */,
				A4D889F627DE49960002F0FE /* Assets.xcassets in Resources */,
			);
			runOnlyForDeploymentPostprocessing = 0;
		};
/* End PBXResourcesBuildPhase section */

/* Begin PBXSourcesBuildPhase section */
		A4D889EA27DE49950002F0FE /* Sources */ = {
			isa = PBXSourcesBuildPhase;
			buildActionMask = 2147483647;
			files = (
				A4D88A0127DE49E30002F0FE /* MainItemView.swift in Sources */,
				A4D88A0B27DE581A0002F0FE /* MainBean.swift in Sources */,
				A4D88A0827DE57EC0002F0FE /* MainObservableObject.swift in Sources */,
				A4D889F227DE49950002F0FE /* BSTGDApp.swift in Sources */,
				A4D88A0527DE4A4F0002F0FE /* MainView.swift in Sources */,
			);
			runOnlyForDeploymentPostprocessing = 0;
		};
/* End PBXSourcesBuildPhase section */

/* Begin XCBuildConfiguration section */
		A4D889FA27DE49960002F0FE /* Debug */ = {
			isa = XCBuildConfiguration;
			buildSettings = {
				ALWAYS_SEARCH_USER_PATHS = NO;
				CLANG_ANALYZER_NONNULL = YES;
				CLANG_ANALYZER_NUMBER_OBJECT_CONVERSION = YES_AGGRESSIVE;
				CLANG_CXX_LANGUAGE_STANDARD = "gnu++17";
				CLANG_CXX_LIBRARY = "libc++";
				CLANG_ENABLE_MODULES = YES;
				CLANG_ENABLE_OBJC_ARC = YES;
				CLANG_ENABLE_OBJC_WEAK = YES;
				CLANG_WARN_BLOCK_CAPTURE_AUTORELEASING = YES;
				CLANG_WARN_BOOL_CONVERSION = YES;
				CLANG_WARN_COMMA = YES;
				CLANG_WARN_CONSTANT_CONVERSION = YES;
				CLANG_WARN_DEPRECATED_OBJC_IMPLEMENTATIONS = YES;
				CLANG_WARN_DIRECT_OBJC_ISA_USAGE = YES_ERROR;
				CLANG_WARN_DOCUMENTATION_COMMENTS = YES;
				CLANG_WARN_EMPTY_BODY = YES;
				CLANG_WARN_ENUM_CONVERSION = YES;
				CLANG_WARN_INFINITE_RECURSION = YES;
				CLANG_WARN_INT_CONVERSION = YES;
				CLANG_WARN_NON_LITERAL_NULL_CONVERSION = YES;
				CLANG_WARN_OBJC_IMPLICIT_RETAIN_SELF = YES;
				CLANG_WARN_OBJC_LITERAL_CONVERSION = YES;
				CLANG_WARN_OBJC_ROOT_CLASS = YES_ERROR;
				CLANG_WARN_QUOTED_INCLUDE_IN_FRAMEWORK_HEADER = YES;
				CLANG_WARN_RANGE_LOOP_ANALYSIS = YES;
				CLANG_WARN_STRICT_PROTOTYPES = YES;
				CLANG_WARN_SUSPICIOUS_MOVE = YES;
				CLANG_WARN_UNGUARDED_AVAILABILITY = YES_AGGRESSIVE;
				CLANG_WARN_UNREACHABLE_CODE = YES;
				CLANG_WARN__DUPLICATE_METHOD_MATCH = YES;
				COPY_PHASE_STRIP = NO;
				DEBUG_INFORMATION_FORMAT = dwarf;
				ENABLE_STRICT_OBJC_MSGSEND = YES;
				ENABLE_TESTABILITY = YES;
				GCC_C_LANGUAGE_STANDARD = gnu11;
				GCC_DYNAMIC_NO_PIC = NO;
				GCC_NO_COMMON_BLOCKS = YES;
				GCC_OPTIMIZATION_LEVEL = 0;
				GCC_PREPROCESSOR_DEFINITIONS = (
					"DEBUG=1",
					"$(inherited)",
				);
				GCC_WARN_64_TO_32_BIT_CONVERSION = YES;
				GCC_WARN_ABOUT_RETURN_TYPE = YES_ERROR;
				GCC_WARN_UNDECLARED_SELECTOR = YES;
				GCC_WARN_UNINITIALIZED_AUTOS = YES_AGGRESSIVE;
				GCC_WARN_UNUSED_FUNCTION = YES;
				GCC_WARN_UNUSED_VARIABLE = YES;
				IPHONEOS_DEPLOYMENT_TARGET = 15.0;
				MTL_ENABLE_DEBUG_INFO = INCLUDE_SOURCE;
				MTL_FAST_MATH = YES;
				ONLY_ACTIVE_ARCH = YES;
				SDKROOT = iphoneos;
				SWIFT_ACTIVE_COMPILATION_CONDITIONS = DEBUG;
				SWIFT_OPTIMIZATION_LEVEL = "-Onone";
			};
			name = Debug;
		};
		A4D889FB27DE49960002F0FE /* Release */ = {
			isa = XCBuildConfiguration;
			buildSettings = {
				ALWAYS_SEARCH_USER_PATHS = NO;
				CLANG_ANALYZER_NONNULL = YES;
				CLANG_ANALYZER_NUMBER_OBJECT_CONVERSION = YES_AGGRESSIVE;
				CLANG_CXX_LANGUAGE_STANDARD = "gnu++17";
				CLANG_CXX_LIBRARY = "libc++";
				CLANG_ENABLE_MODULES = YES;
				CLANG_ENABLE_OBJC_ARC = YES;
				CLANG_ENABLE_OBJC_WEAK = YES;
				CLANG_WARN_BLOCK_CAPTURE_AUTORELEASING = YES;
				CLANG_WARN_BOOL_CONVERSION = YES;
				CLANG_WARN_COMMA = YES;
				CLANG_WARN_CONSTANT_CONVERSION = YES;
				CLANG_WARN_DEPRECATED_OBJC_IMPLEMENTATIONS = YES;
				CLANG_WARN_DIRECT_OBJC_ISA_USAGE = YES_ERROR;
				CLANG_WARN_DOCUMENTATION_COMMENTS = YES;
				CLANG_WARN_EMPTY_BODY = YES;
				CLANG_WARN_ENUM_CONVERSION = YES;
				CLANG_WARN_INFINITE_RECURSION = YES;
				CLANG_WARN_INT_CONVERSION = YES;
				CLANG_WARN_NON_LITERAL_NULL_CONVERSION = YES;
				CLANG_WARN_OBJC_IMPLICIT_RETAIN_SELF = YES;
				CLANG_WARN_OBJC_LITERAL_CONVERSION = YES;
				CLANG_WARN_OBJC_ROOT_CLASS = YES_ERROR;
				CLANG_WARN_QUOTED_INCLUDE_IN_FRAMEWORK_HEADER = YES;
				CLANG_WARN_RANGE_LOOP_ANALYSIS = YES;
				CLANG_WARN_STRICT_PROTOTYPES = YES;
				CLANG_WARN_SUSPICIOUS_MOVE = YES;
				CLANG_WARN_UNGUARDED_AVAILABILITY = YES_AGGRESSIVE;
				CLANG_WARN_UNREACHABLE_CODE = YES;
				CLANG_WARN__DUPLICATE_METHOD_MATCH = YES;
				COPY_PHASE_STRIP = NO;
				DEBUG_INFORMATION_FORMAT = "dwarf-with-dsym";
				ENABLE_NS_ASSERTIONS = NO;
				ENABLE_STRICT_OBJC_MSGSEND = YES;
				GCC_C_LANGUAGE_STANDARD = gnu11;
				GCC_NO_COMMON_BLOCKS = YES;
				GCC_WARN_64_TO_32_BIT_CONVERSION = YES;
				GCC_WARN_ABOUT_RETURN_TYPE = YES_ERROR;
				GCC_WARN_UNDECLARED_SELECTOR = YES;
				GCC_WARN_UNINITIALIZED_AUTOS = YES_AGGRESSIVE;
				GCC_WARN_UNUSED_FUNCTION = YES;
				GCC_WARN_UNUSED_VARIABLE = YES;
				IPHONEOS_DEPLOYMENT_TARGET = 15.0;
				MTL_ENABLE_DEBUG_INFO = NO;
				MTL_FAST_MATH = YES;
				SDKROOT = iphoneos;
				SWIFT_COMPILATION_MODE = wholemodule;
				SWIFT_OPTIMIZATION_LEVEL = "-O";
				VALIDATE_PRODUCT = YES;
			};
			name = Release;
		};
		A4D889FD27DE49960002F0FE /* Debug */ = {
			isa = XCBuildConfiguration;
			buildSettings = {
				ASSETCATALOG_COMPILER_APPICON_NAME = AppIcon;
				ASSETCATALOG_COMPILER_GLOBAL_ACCENT_COLOR_NAME = AccentColor;
				CODE_SIGN_STYLE = Automatic;
				CURRENT_PROJECT_VERSION = 1;
				DEVELOPMENT_ASSET_PATHS = "\"BabySortingToyGameDemo2/Preview Content\"";
				DEVELOPMENT_TEAM = 8WWB85JM2N;
				ENABLE_PREVIEWS = YES;
				GENERATE_INFOPLIST_FILE = YES;
				INFOPLIST_KEY_UIApplicationSceneManifest_Generation = YES;
				INFOPLIST_KEY_UIApplicationSupportsIndirectInputEvents = YES;
				INFOPLIST_KEY_UILaunchScreen_Generation = YES;
				INFOPLIST_KEY_UISupportedInterfaceOrientations_iPad = "UIInterfaceOrientationPortrait UIInterfaceOrientationPortraitUpsideDown UIInterfaceOrientationLandscapeLeft UIInterfaceOrientationLandscapeRight";
				INFOPLIST_KEY_UISupportedInterfaceOrientations_iPhone = "UIInterfaceOrientationPortrait UIInterfaceOrientationLandscapeLeft UIInterfaceOrientationLandscapeRight";
				LD_RUNPATH_SEARCH_PATHS = (
					"$(inherited)",
					"@executable_path/Frameworks",
				);
				MARKETING_VERSION = 1.0;
				PRODUCT_BUNDLE_IDENTIFIER = sun.BabySortingToyGameDemo2;
				PRODUCT_NAME = "$(TARGET_NAME)";
				SWIFT_EMIT_LOC_STRINGS = YES;
				SWIFT_VERSION = 5.0;
				TARGETED_DEVICE_FAMILY = "1,2";
			};
			name = Debug;
		};
		A4D889FE27DE49960002F0FE /* Release */ = {
			isa = XCBuildConfiguration;
			buildSettings = {
				ASSETCATALOG_COMPILER_APPICON_NAME = AppIcon;
				ASSETCATALOG_COMPILER_GLOBAL_ACCENT_COLOR_NAME = AccentColor;
				CODE_SIGN_STYLE = Automatic;
				CURRENT_PROJECT_VERSION = 1;
				DEVELOPMENT_ASSET_PATHS = "\"BabySortingToyGameDemo2/Preview Content\"";
				DEVELOPMENT_TEAM = 8WWB85JM2N;
				ENABLE_PREVIEWS = YES;
				GENERATE_INFOPLIST_FILE = YES;
				INFOPLIST_KEY_UIApplicationSceneManifest_Generation = YES;
				INFOPLIST_KEY_UIApplicationSupportsIndirectInputEvents = YES;
				INFOPLIST_KEY_UILaunchScreen_Generation = YES;
				INFOPLIST_KEY_UISupportedInterfaceOrientations_iPad = "UIInterfaceOrientationPortrait UIInterfaceOrientationPortraitUpsideDown UIInterfaceOrientationLandscapeLeft UIInterfaceOrientationLandscapeRight";
				INFOPLIST_KEY_UISupportedInterfaceOrientations_iPhone = "UIInterfaceOrientationPortrait UIInterfaceOrientationLandscapeLeft UIInterfaceOrientationLandscapeRight";
				LD_RUNPATH_SEARCH_PATHS = (
					"$(inherited)",
					"@executable_path/Frameworks",
				);
				MARKETING_VERSION = 1.0;
				PRODUCT_BUNDLE_IDENTIFIER = sun.BabySortingToyGameDemo2;
				PRODUCT_NAME = "$(TARGET_NAME)";
				SWIFT_EMIT_LOC_STRINGS = YES;
				SWIFT_VERSION = 5.0;
				TARGETED_DEVICE_FAMILY = "1,2";
			};
			name = Release;
		};
/* End XCBuildConfiguration section */

/* Begin XCConfigurationList section */
		A4D889E927DE49950002F0FE /* Build configuration list for PBXProject "BabySortingToyGameDemo2" */ = {
			isa = XCConfigurationList;
			buildConfigurations = (
				A4D889FA27DE49960002F0FE /* Debug */,
				A4D889FB27DE49960002F0FE /* Release */,
			);
			defaultConfigurationIsVisible = 0;
			defaultConfigurationName = Release;
		};
		A4D889FC27DE49960002F0FE /* Build configuration list for PBXNativeTarget "BabySortingToyGameDemo2" */ = {
			isa = XCConfigurationList;
			buildConfigurations = (
				A4D889FD27DE49960002F0FE /* Debug */,
				A4D889FE27DE49960002F0FE /* Release */,
			);
			defaultConfigurationIsVisible = 0;
			defaultConfigurationName = Release;
		};
/* End XCConfigurationList section */
	};
	rootObject = A4D889E627DE49950002F0FE /* Project object */;
}
